// !$*UTF8*$!
{
	archiveVersion = 1;
	classes = {
	};
	objectVersion = 56;
	objects = {

/* Begin PBXBuildFile section */
		B3BB2CF72B94E91E00255007 /* AppDelegate.swift in Sources */ = {isa = PBXBuildFile; fileRef = B3BB2CF62B94E91E00255007 /* AppDelegate.swift */; };
		B3BB2CF92B94E91E00255007 /* SceneDelegate.swift in Sources */ = {isa = PBXBuildFile; fileRef = B3BB2CF82B94E91E00255007 /* SceneDelegate.swift */; };
		B3BB2CFE2B94E91E00255007 /* Main.storyboard in Resources */ = {isa = PBXBuildFile; fileRef = B3BB2CFC2B94E91E00255007 /* Main.storyboard */; };
		B3BB2D002B94E91F00255007 /* Assets.xcassets in Resources */ = {isa = PBXBuildFile; fileRef = B3BB2CFF2B94E91F00255007 /* Assets.xcassets */; };
		B3BB2D032B94E91F00255007 /* LaunchScreen.storyboard in Resources */ = {isa = PBXBuildFile; fileRef = B3BB2D012B94E91F00255007 /* LaunchScreen.storyboard */; };
		B3BB2D132B97A66F00255007 /* StartPageViewController.swift in Sources */ = {isa = PBXBuildFile; fileRef = B3BB2D122B97A66F00255007 /* StartPageViewController.swift */; };
		B3BB2D192B98ED7800255007 /* LoginViewController.swift in Sources */ = {isa = PBXBuildFile; fileRef = B3BB2D182B98ED7800255007 /* LoginViewController.swift */; };
		B3BB2D1B2B98ED9500255007 /* WelcomeViewController.swift in Sources */ = {isa = PBXBuildFile; fileRef = B3BB2D1A2B98ED9500255007 /* WelcomeViewController.swift */; };
		B3BB2D1D2B98EDAB00255007 /* RegisterViewController.swift in Sources */ = {isa = PBXBuildFile; fileRef = B3BB2D1C2B98EDAB00255007 /* RegisterViewController.swift */; };
		B3BB2D1F2B9A472D00255007 /* GoogleService-Info.plist in Resources */ = {isa = PBXBuildFile; fileRef = B3BB2D1E2B9A472D00255007 /* GoogleService-Info.plist */; };
		B3BB2D2E2B9A4C3A00255007 /* FirebaseAuth in Frameworks */ = {isa = PBXBuildFile; productRef = B3BB2D2D2B9A4C3A00255007 /* FirebaseAuth */; };
		B3BB2D3A2B9A4C3A00255007 /* FirebaseFirestore in Frameworks */ = {isa = PBXBuildFile; productRef = B3BB2D392B9A4C3A00255007 /* FirebaseFirestore */; };
		B3BB2D3E2B9A4C3A00255007 /* FirebaseFirestoreSwift in Frameworks */ = {isa = PBXBuildFile; productRef = B3BB2D3D2B9A4C3A00255007 /* FirebaseFirestoreSwift */; };
		B3BB2D482B9A4C3A00255007 /* FirebaseInstallations in Frameworks */ = {isa = PBXBuildFile; productRef = B3BB2D472B9A4C3A00255007 /* FirebaseInstallations */; };
		B3BB2D952B9D9ED500255007 /* WeatherManager.swift in Sources */ = {isa = PBXBuildFile; fileRef = B3BB2D942B9D9ED500255007 /* WeatherManager.swift */; };
		B3BB2D972B9DB4F300255007 /* WeatherData.swift in Sources */ = {isa = PBXBuildFile; fileRef = B3BB2D962B9DB4F300255007 /* WeatherData.swift */; };
		B3BB2D992B9DB83800255007 /* WeatherModel.swift in Sources */ = {isa = PBXBuildFile; fileRef = B3BB2D982B9DB83800255007 /* WeatherModel.swift */; };
/* End PBXBuildFile section */

/* Begin PBXFileReference section */
		B3BB2CF32B94E91E00255007 /* My Health Care.app */ = {isa = PBXFileReference; explicitFileType = wrapper.application; includeInIndex = 0; path = "My Health Care.app"; sourceTree = BUILT_PRODUCTS_DIR; };
		B3BB2CF62B94E91E00255007 /* AppDelegate.swift */ = {isa = PBXFileReference; lastKnownFileType = sourcecode.swift; path = AppDelegate.swift; sourceTree = "<group>"; };
		B3BB2CF82B94E91E00255007 /* SceneDelegate.swift */ = {isa = PBXFileReference; lastKnownFileType = sourcecode.swift; path = SceneDelegate.swift; sourceTree = "<group>"; };
		B3BB2CFD2B94E91E00255007 /* Base */ = {isa = PBXFileReference; lastKnownFileType = file.storyboard; name = Base; path = Base.lproj/Main.storyboard; sourceTree = "<group>"; };
		B3BB2CFF2B94E91F00255007 /* Assets.xcassets */ = {isa = PBXFileReference; lastKnownFileType = folder.assetcatalog; path = Assets.xcassets; sourceTree = "<group>"; };
		B3BB2D022B94E91F00255007 /* Base */ = {isa = PBXFileReference; lastKnownFileType = file.storyboard; name = Base; path = Base.lproj/LaunchScreen.storyboard; sourceTree = "<group>"; };
		B3BB2D042B94E92000255007 /* Info.plist */ = {isa = PBXFileReference; lastKnownFileType = text.plist.xml; path = Info.plist; sourceTree = "<group>"; };
		B3BB2D122B97A66F00255007 /* StartPageViewController.swift */ = {isa = PBXFileReference; lastKnownFileType = sourcecode.swift; path = StartPageViewController.swift; sourceTree = "<group>"; };
		B3BB2D182B98ED7800255007 /* LoginViewController.swift */ = {isa = PBXFileReference; lastKnownFileType = sourcecode.swift; path = LoginViewController.swift; sourceTree = "<group>"; };
		B3BB2D1A2B98ED9500255007 /* WelcomeViewController.swift */ = {isa = PBXFileReference; lastKnownFileType = sourcecode.swift; path = WelcomeViewController.swift; sourceTree = "<group>"; };
		B3BB2D1C2B98EDAB00255007 /* RegisterViewController.swift */ = {isa = PBXFileReference; lastKnownFileType = sourcecode.swift; path = RegisterViewController.swift; sourceTree = "<group>"; };
		B3BB2D1E2B9A472D00255007 /* GoogleService-Info.plist */ = {isa = PBXFileReference; fileEncoding = 4; lastKnownFileType = text.plist.xml; path = "GoogleService-Info.plist"; sourceTree = "<group>"; };
		B3BB2D942B9D9ED500255007 /* WeatherManager.swift */ = {isa = PBXFileReference; lastKnownFileType = sourcecode.swift; path = WeatherManager.swift; sourceTree = "<group>"; };
		B3BB2D962B9DB4F300255007 /* WeatherData.swift */ = {isa = PBXFileReference; lastKnownFileType = sourcecode.swift; path = WeatherData.swift; sourceTree = "<group>"; };
		B3BB2D982B9DB83800255007 /* WeatherModel.swift */ = {isa = PBXFileReference; lastKnownFileType = sourcecode.swift; path = WeatherModel.swift; sourceTree = "<group>"; };
/* End PBXFileReference section */

/* Begin PBXFrameworksBuildPhase section */
		B3BB2CF02B94E91E00255007 /* Frameworks */ = {
			isa = PBXFrameworksBuildPhase;
			buildActionMask = 2147483647;
			files = (
				B3BB2D3A2B9A4C3A00255007 /* FirebaseFirestore in Frameworks */,
				B3BB2D3E2B9A4C3A00255007 /* FirebaseFirestoreSwift in Frameworks */,
				B3BB2D2E2B9A4C3A00255007 /* FirebaseAuth in Frameworks */,
				B3BB2D482B9A4C3A00255007 /* FirebaseInstallations in Frameworks */,
			);
			runOnlyForDeploymentPostprocessing = 0;
		};
/* End PBXFrameworksBuildPhase section */

/* Begin PBXGroup section */
		B3BB2CEA2B94E91E00255007 = {
			isa = PBXGroup;
			children = (
				B3BB2CF52B94E91E00255007 /* My Health Care */,
				B3BB2CF42B94E91E00255007 /* Products */,
			);
			sourceTree = "<group>";
		};
		B3BB2CF42B94E91E00255007 /* Products */ = {
			isa = PBXGroup;
			children = (
				B3BB2CF32B94E91E00255007 /* My Health Care.app */,
			);
			name = Products;
			sourceTree = "<group>";
		};
		B3BB2CF52B94E91E00255007 /* My Health Care */ = {
			isa = PBXGroup;
			children = (
				B3BB2CF62B94E91E00255007 /* AppDelegate.swift */,
				B3BB2CF82B94E91E00255007 /* SceneDelegate.swift */,
				B3BB2D932B9D9EA400255007 /* Model */,
				B3BB2D922B9D9C9400255007 /* View */,
				B3BB2D912B9D969300255007 /* Controllers */,
				B3BB2CFF2B94E91F00255007 /* Assets.xcassets */,
				B3BB2D012B94E91F00255007 /* LaunchScreen.storyboard */,
				B3BB2D042B94E92000255007 /* Info.plist */,
				B3BB2D1E2B9A472D00255007 /* GoogleService-Info.plist */,
			);
			path = "My Health Care";
			sourceTree = "<group>";
		};
		B3BB2D912B9D969300255007 /* Controllers */ = {
			isa = PBXGroup;
			children = (
				B3BB2D1A2B98ED9500255007 /* WelcomeViewController.swift */,
				B3BB2D182B98ED7800255007 /* LoginViewController.swift */,
				B3BB2D1C2B98EDAB00255007 /* RegisterViewController.swift */,
				B3BB2D122B97A66F00255007 /* StartPageViewController.swift */,
			);
			path = Controllers;
			sourceTree = "<group>";
		};
		B3BB2D922B9D9C9400255007 /* View */ = {
			isa = PBXGroup;
			children = (
				B3BB2CFC2B94E91E00255007 /* Main.storyboard */,
			);
			path = View;
			sourceTree = "<group>";
		};
		B3BB2D932B9D9EA400255007 /* Model */ = {
			isa = PBXGroup;
			children = (
				B3BB2D942B9D9ED500255007 /* WeatherManager.swift */,
				B3BB2D962B9DB4F300255007 /* WeatherData.swift */,
				B3BB2D982B9DB83800255007 /* WeatherModel.swift */,
			);
			path = Model;
			sourceTree = "<group>";
		};
/* End PBXGroup section */

/* Begin PBXNativeTarget section */
		B3BB2CF22B94E91E00255007 /* My Health Care */ = {
			isa = PBXNativeTarget;
			buildConfigurationList = B3BB2D072B94E92000255007 /* Build configuration list for PBXNativeTarget "My Health Care" */;
			buildPhases = (
				B3BB2CEF2B94E91E00255007 /* Sources */,
				B3BB2CF02B94E91E00255007 /* Frameworks */,
				B3BB2CF12B94E91E00255007 /* Resources */,
			);
			buildRules = (
			);
			dependencies = (
			);
			name = "My Health Care";
			packageProductDependencies = (
				B3BB2D2D2B9A4C3A00255007 /* FirebaseAuth */,
				B3BB2D392B9A4C3A00255007 /* FirebaseFirestore */,
				B3BB2D3D2B9A4C3A00255007 /* FirebaseFirestoreSwift */,
				B3BB2D472B9A4C3A00255007 /* FirebaseInstallations */,
			);
			productName = "My Health Care";
			productReference = B3BB2CF32B94E91E00255007 /* My Health Care.app */;
			productType = "com.apple.product-type.application";
		};
/* End PBXNativeTarget section */

/* Begin PBXProject section */
		B3BB2CEB2B94E91E00255007 /* Project object */ = {
			isa = PBXProject;
			attributes = {
				BuildIndependentTargetsInParallel = 1;
				LastSwiftUpdateCheck = 1510;
				LastUpgradeCheck = 1510;
				TargetAttributes = {
					B3BB2CF22B94E91E00255007 = {
						CreatedOnToolsVersion = 15.1;
					};
				};
			};
			buildConfigurationList = B3BB2CEE2B94E91E00255007 /* Build configuration list for PBXProject "My Health Care" */;
			compatibilityVersion = "Xcode 14.0";
			developmentRegion = en;
			hasScannedForEncodings = 0;
			knownRegions = (
				en,
				Base,
			);
			mainGroup = B3BB2CEA2B94E91E00255007;
			packageReferences = (
				B3BB2D202B9A4C3A00255007 /* XCRemoteSwiftPackageReference "firebase-ios-sdk" */,
			);
			productRefGroup = B3BB2CF42B94E91E00255007 /* Products */;
			projectDirPath = "";
			projectRoot = "";
			targets = (
				B3BB2CF22B94E91E00255007 /* My Health Care */,
			);
		};
/* End PBXProject section */

/* Begin PBXResourcesBuildPhase section */
		B3BB2CF12B94E91E00255007 /* Resources */ = {
			isa = PBXResourcesBuildPhase;
			buildActionMask = 2147483647;
			files = (
				B3BB2D032B94E91F00255007 /* LaunchScreen.storyboard in Resources */,
				B3BB2D1F2B9A472D00255007 /* GoogleService-Info.plist in Resources */,
				B3BB2D002B94E91F00255007 /* Assets.xcassets in Resources */,
				B3BB2CFE2B94E91E00255007 /* Main.storyboard in Resources */,
			);
			runOnlyForDeploymentPostprocessing = 0;
		};
/* End PBXResourcesBuildPhase section */

/* Begin PBXSourcesBuildPhase section */
		B3BB2CEF2B94E91E00255007 /* Sources */ = {
			isa = PBXSourcesBuildPhase;
			buildActionMask = 2147483647;
			files = (
				B3BB2D192B98ED7800255007 /* LoginViewController.swift in Sources */,
				B3BB2CF72B94E91E00255007 /* AppDelegate.swift in Sources */,
				B3BB2CF92B94E91E00255007 /* SceneDelegate.swift in Sources */,
				B3BB2D952B9D9ED500255007 /* WeatherManager.swift in Sources */,
				B3BB2D992B9DB83800255007 /* WeatherModel.swift in Sources */,
				B3BB2D1D2B98EDAB00255007 /* RegisterViewController.swift in Sources */,
				B3BB2D1B2B98ED9500255007 /* WelcomeViewController.swift in Sources */,
				B3BB2D972B9DB4F300255007 /* WeatherData.swift in Sources */,
				B3BB2D132B97A66F00255007 /* StartPageViewController.swift in Sources */,
			);
			runOnlyForDeploymentPostprocessing = 0;
		};
/* End PBXSourcesBuildPhase section */

/* Begin PBXVariantGroup section */
		B3BB2CFC2B94E91E00255007 /* Main.storyboard */ = {
			isa = PBXVariantGroup;
			children = (
				B3BB2CFD2B94E91E00255007 /* Base */,
			);
			name = Main.storyboard;
			sourceTree = "<group>";
		};
		B3BB2D012B94E91F00255007 /* LaunchScreen.storyboard */ = {
			isa = PBXVariantGroup;
			children = (
				B3BB2D022B94E91F00255007 /* Base */,
			);
			name = LaunchScreen.storyboard;
			sourceTree = "<group>";
		};
/* End PBXVariantGroup section */

/* Begin XCBuildConfiguration section */
		B3BB2D052B94E92000255007 /* Debug */ = {
			isa = XCBuildConfiguration;
			buildSettings = {
				ALWAYS_SEARCH_USER_PATHS = NO;
				ASSETCATALOG_COMPILER_GENERATE_SWIFT_ASSET_SYMBOL_EXTENSIONS = YES;
				CLANG_ANALYZER_NONNULL = YES;
				CLANG_ANALYZER_NUMBER_OBJECT_CONVERSION = YES_AGGRESSIVE;
				CLANG_CXX_LANGUAGE_STANDARD = "gnu++20";
				CLANG_ENABLE_MODULES = YES;
				CLANG_ENABLE_OBJC_ARC = YES;
				CLANG_ENABLE_OBJC_WEAK = YES;
				CLANG_WARN_BLOCK_CAPTURE_AUTORELEASING = YES;
				CLANG_WARN_BOOL_CONVERSION = YES;
				CLANG_WARN_COMMA = YES;
				CLANG_WARN_CONSTANT_CONVERSION = YES;
				CLANG_WARN_DEPRECATED_OBJC_IMPLEMENTATIONS = YES;
				CLANG_WARN_DIRECT_OBJC_ISA_USAGE = YES_ERROR;
				CLANG_WARN_DOCUMENTATION_COMMENTS = YES;
				CLANG_WARN_EMPTY_BODY = YES;
				CLANG_WARN_ENUM_CONVERSION = YES;
				CLANG_WARN_INFINITE_RECURSION = YES;
				CLANG_WARN_INT_CONVERSION = YES;
				CLANG_WARN_NON_LITERAL_NULL_CONVERSION = YES;
				CLANG_WARN_OBJC_IMPLICIT_RETAIN_SELF = YES;
				CLANG_WARN_OBJC_LITERAL_CONVERSION = YES;
				CLANG_WARN_OBJC_ROOT_CLASS = YES_ERROR;
				CLANG_WARN_QUOTED_INCLUDE_IN_FRAMEWORK_HEADER = YES;
				CLANG_WARN_RANGE_LOOP_ANALYSIS = YES;
				CLANG_WARN_STRICT_PROTOTYPES = YES;
				CLANG_WARN_SUSPICIOUS_MOVE = YES;
				CLANG_WARN_UNGUARDED_AVAILABILITY = YES_AGGRESSIVE;
				CLANG_WARN_UNREACHABLE_CODE = YES;
				CLANG_WARN__DUPLICATE_METHOD_MATCH = YES;
				COPY_PHASE_STRIP = NO;
				DEBUG_INFORMATION_FORMAT = dwarf;
				ENABLE_STRICT_OBJC_MSGSEND = YES;
				ENABLE_TESTABILITY = YES;
				ENABLE_USER_SCRIPT_SANDBOXING = YES;
				GCC_C_LANGUAGE_STANDARD = gnu17;
				GCC_DYNAMIC_NO_PIC = NO;
				GCC_NO_COMMON_BLOCKS = YES;
				GCC_OPTIMIZATION_LEVEL = 0;
				GCC_PREPROCESSOR_DEFINITIONS = (
					"DEBUG=1",
					"$(inherited)",
				);
				GCC_WARN_64_TO_32_BIT_CONVERSION = YES;
				GCC_WARN_ABOUT_RETURN_TYPE = YES_ERROR;
				GCC_WARN_UNDECLARED_SELECTOR = YES;
				GCC_WARN_UNINITIALIZED_AUTOS = YES_AGGRESSIVE;
				GCC_WARN_UNUSED_FUNCTION = YES;
				GCC_WARN_UNUSED_VARIABLE = YES;
				IPHONEOS_DEPLOYMENT_TARGET = 17.2;
				LOCALIZATION_PREFERS_STRING_CATALOGS = YES;
				MTL_ENABLE_DEBUG_INFO = INCLUDE_SOURCE;
				MTL_FAST_MATH = YES;
				ONLY_ACTIVE_ARCH = YES;
				SDKROOT = iphoneos;
				SWIFT_ACTIVE_COMPILATION_CONDITIONS = "DEBUG $(inherited)";
				SWIFT_OPTIMIZATION_LEVEL = "-Onone";
			};
			name = Debug;
		};
		B3BB2D062B94E92000255007 /* Release */ = {
			isa = XCBuildConfiguration;
			buildSettings = {
				ALWAYS_SEARCH_USER_PATHS = NO;
				ASSETCATALOG_COMPILER_GENERATE_SWIFT_ASSET_SYMBOL_EXTENSIONS = YES;
				CLANG_ANALYZER_NONNULL = YES;
				CLANG_ANALYZER_NUMBER_OBJECT_CONVERSION = YES_AGGRESSIVE;
				CLANG_CXX_LANGUAGE_STANDARD = "gnu++20";
				CLANG_ENABLE_MODULES = YES;
				CLANG_ENABLE_OBJC_ARC = YES;
				CLANG_ENABLE_OBJC_WEAK = YES;
				CLANG_WARN_BLOCK_CAPTURE_AUTORELEASING = YES;
				CLANG_WARN_BOOL_CONVERSION = YES;
				CLANG_WARN_COMMA = YES;
				CLANG_WARN_CONSTANT_CONVERSION = YES;
				CLANG_WARN_DEPRECATED_OBJC_IMPLEMENTATIONS = YES;
				CLANG_WARN_DIRECT_OBJC_ISA_USAGE = YES_ERROR;
				CLANG_WARN_DOCUMENTATION_COMMENTS = YES;
				CLANG_WARN_EMPTY_BODY = YES;
				CLANG_WARN_ENUM_CONVERSION = YES;
				CLANG_WARN_INFINITE_RECURSION = YES;
				CLANG_WARN_INT_CONVERSION = YES;
				CLANG_WARN_NON_LITERAL_NULL_CONVERSION = YES;
				CLANG_WARN_OBJC_IMPLICIT_RETAIN_SELF = YES;
				CLANG_WARN_OBJC_LITERAL_CONVERSION = YES;
				CLANG_WARN_OBJC_ROOT_CLASS = YES_ERROR;
				CLANG_WARN_QUOTED_INCLUDE_IN_FRAMEWORK_HEADER = YES;
				CLANG_WARN_RANGE_LOOP_ANALYSIS = YES;
				CLANG_WARN_STRICT_PROTOTYPES = YES;
				CLANG_WARN_SUSPICIOUS_MOVE = YES;
				CLANG_WARN_UNGUARDED_AVAILABILITY = YES_AGGRESSIVE;
				CLANG_WARN_UNREACHABLE_CODE = YES;
				CLANG_WARN__DUPLICATE_METHOD_MATCH = YES;
				COPY_PHASE_STRIP = NO;
				DEBUG_INFORMATION_FORMAT = "dwarf-with-dsym";
				ENABLE_NS_ASSERTIONS = NO;
				ENABLE_STRICT_OBJC_MSGSEND = YES;
				ENABLE_USER_SCRIPT_SANDBOXING = YES;
				GCC_C_LANGUAGE_STANDARD = gnu17;
				GCC_NO_COMMON_BLOCKS = YES;
				GCC_WARN_64_TO_32_BIT_CONVERSION = YES;
				GCC_WARN_ABOUT_RETURN_TYPE = YES_ERROR;
				GCC_WARN_UNDECLARED_SELECTOR = YES;
				GCC_WARN_UNINITIALIZED_AUTOS = YES_AGGRESSIVE;
				GCC_WARN_UNUSED_FUNCTION = YES;
				GCC_WARN_UNUSED_VARIABLE = YES;
				IPHONEOS_DEPLOYMENT_TARGET = 17.2;
				LOCALIZATION_PREFERS_STRING_CATALOGS = YES;
				MTL_ENABLE_DEBUG_INFO = NO;
				MTL_FAST_MATH = YES;
				SDKROOT = iphoneos;
				SWIFT_COMPILATION_MODE = wholemodule;
				VALIDATE_PRODUCT = YES;
			};
			name = Release;
		};
		B3BB2D082B94E92000255007 /* Debug */ = {
			isa = XCBuildConfiguration;
			buildSettings = {
				ASSETCATALOG_COMPILER_APPICON_NAME = AppIcon;
				ASSETCATALOG_COMPILER_GLOBAL_ACCENT_COLOR_NAME = AccentColor;
				CODE_SIGN_STYLE = Automatic;
				CURRENT_PROJECT_VERSION = 1;
				DEVELOPMENT_TEAM = YMU6TYBZ5Q;
				GENERATE_INFOPLIST_FILE = YES;
				INFOPLIST_FILE = "My Health Care/Info.plist";
				INFOPLIST_KEY_UIApplicationSupportsIndirectInputEvents = YES;
				INFOPLIST_KEY_UILaunchStoryboardName = LaunchScreen;
				INFOPLIST_KEY_UIMainStoryboardFile = Main;
				INFOPLIST_KEY_UISupportedInterfaceOrientations_iPad = "UIInterfaceOrientationPortrait UIInterfaceOrientationPortraitUpsideDown UIInterfaceOrientationLandscapeLeft UIInterfaceOrientationLandscapeRight";
				INFOPLIST_KEY_UISupportedInterfaceOrientations_iPhone = "UIInterfaceOrientationPortrait UIInterfaceOrientationLandscapeLeft UIInterfaceOrientationLandscapeRight";
				IPHONEOS_DEPLOYMENT_TARGET = 13.0;
				LD_RUNPATH_SEARCH_PATHS = (
					"$(inherited)",
					"@executable_path/Frameworks",
				);
				MARKETING_VERSION = 1.0;
				PRODUCT_BUNDLE_IDENTIFIER = "AleksandrNovikov.My-Health-Care";
				PRODUCT_NAME = "$(TARGET_NAME)";
				SWIFT_EMIT_LOC_STRINGS = YES;
				SWIFT_VERSION = 5.0;
				TARGETED_DEVICE_FAMILY = "1,2";
			};
			name = Debug;
		};
		B3BB2D092B94E92000255007 /* Release */ = {
			isa = XCBuildConfiguration;
			buildSettings = {
				ASSETCATALOG_COMPILER_APPICON_NAME = AppIcon;
				ASSETCATALOG_COMPILER_GLOBAL_ACCENT_COLOR_NAME = AccentColor;
				CODE_SIGN_STYLE = Automatic;
				CURRENT_PROJECT_VERSION = 1;
				DEVELOPMENT_TEAM = YMU6TYBZ5Q;
				GENERATE_INFOPLIST_FILE = YES;
				INFOPLIST_FILE = "My Health Care/Info.plist";
				INFOPLIST_KEY_UIApplicationSupportsIndirectInputEvents = YES;
				INFOPLIST_KEY_UILaunchStoryboardName = LaunchScreen;
				INFOPLIST_KEY_UIMainStoryboardFile = Main;
				INFOPLIST_KEY_UISupportedInterfaceOrientations_iPad = "UIInterfaceOrientationPortrait UIInterfaceOrientationPortraitUpsideDown UIInterfaceOrientationLandscapeLeft UIInterfaceOrientationLandscapeRight";
				INFOPLIST_KEY_UISupportedInterfaceOrientations_iPhone = "UIInterfaceOrientationPortrait UIInterfaceOrientationLandscapeLeft UIInterfaceOrientationLandscapeRight";
				IPHONEOS_DEPLOYMENT_TARGET = 13.0;
				LD_RUNPATH_SEARCH_PATHS = (
					"$(inherited)",
					"@executable_path/Frameworks",
				);
				MARKETING_VERSION = 1.0;
				PRODUCT_BUNDLE_IDENTIFIER = "AleksandrNovikov.My-Health-Care";
				PRODUCT_NAME = "$(TARGET_NAME)";
				SWIFT_EMIT_LOC_STRINGS = YES;
				SWIFT_VERSION = 5.0;
				TARGETED_DEVICE_FAMILY = "1,2";
			};
			name = Release;
		};
/* End XCBuildConfiguration section */

/* Begin XCConfigurationList section */
		B3BB2CEE2B94E91E00255007 /* Build configuration list for PBXProject "My Health Care" */ = {
			isa = XCConfigurationList;
			buildConfigurations = (
				B3BB2D052B94E92000255007 /* Debug */,
				B3BB2D062B94E92000255007 /* Release */,
			);
			defaultConfigurationIsVisible = 0;
			defaultConfigurationName = Release;
		};
		B3BB2D072B94E92000255007 /* Build configuration list for PBXNativeTarget "My Health Care" */ = {
			isa = XCConfigurationList;
			buildConfigurations = (
				B3BB2D082B94E92000255007 /* Debug */,
				B3BB2D092B94E92000255007 /* Release */,
			);
			defaultConfigurationIsVisible = 0;
			defaultConfigurationName = Release;
		};
/* End XCConfigurationList section */

/* Begin XCRemoteSwiftPackageReference section */
		B3BB2D202B9A4C3A00255007 /* XCRemoteSwiftPackageReference "firebase-ios-sdk" */ = {
			isa = XCRemoteSwiftPackageReference;
			repositoryURL = "https://github.com/firebase/firebase-ios-sdk";
			requirement = {
				kind = upToNextMajorVersion;
				minimumVersion = 10.22.1;
			};
		};
/* End XCRemoteSwiftPackageReference section */

/* Begin XCSwiftPackageProductDependency section */
		B3BB2D2D2B9A4C3A00255007 /* FirebaseAuth */ = {
			isa = XCSwiftPackageProductDependency;
			package = B3BB2D202B9A4C3A00255007 /* XCRemoteSwiftPackageReference "firebase-ios-sdk" */;
			productName = FirebaseAuth;
		};
		B3BB2D392B9A4C3A00255007 /* FirebaseFirestore */ = {
			isa = XCSwiftPackageProductDependency;
			package = B3BB2D202B9A4C3A00255007 /* XCRemoteSwiftPackageReference "firebase-ios-sdk" */;
			productName = FirebaseFirestore;
		};
		B3BB2D3D2B9A4C3A00255007 /* FirebaseFirestoreSwift */ = {
			isa = XCSwiftPackageProductDependency;
			package = B3BB2D202B9A4C3A00255007 /* XCRemoteSwiftPackageReference "firebase-ios-sdk" */;
			productName = FirebaseFirestoreSwift;
		};
		B3BB2D472B9A4C3A00255007 /* FirebaseInstallations */ = {
			isa = XCSwiftPackageProductDependency;
			package = B3BB2D202B9A4C3A00255007 /* XCRemoteSwiftPackageReference "firebase-ios-sdk" */;
			productName = FirebaseInstallations;
		};
/* End XCSwiftPackageProductDependency section */
	};
	rootObject = B3BB2CEB2B94E91E00255007 /* Project object */;
}
